
Microsoft Visual Studio Solution File, Format Version 12.00
Project("{FAE04EC0-301F-11D3-BF4B-00C04F79EFBC}") = "Common", "SharedKernel\Common\Common.csproj", "{AE7EB33C-B742-4836-8838-E17AC7ABAD92}"
EndProject
Project("{2150E333-8FDC-42A3-9474-1A3956D46DE8}") = "SharedKernel", "SharedKernel", "{E0DA9450-4E0B-4491-8E24-214F97BB455E}"
EndProject
Project("{2150E333-8FDC-42A3-9474-1A3956D46DE8}") = "JobPostings", "JobPostings", "{1C2EB889-1ABD-4E8A-B903-8F9EBE40A8A8}"
EndProject
Project("{FAE04EC0-301F-11D3-BF4B-00C04F79EFBC}") = "JobPostings.Api", "Services\JobPostings\src\JobPostings.Api\JobPostings.Api.csproj", "{45406896-E9C7-4107-AE86-D009781A9F4E}"
EndProject
Project("{FAE04EC0-301F-11D3-BF4B-00C04F79EFBC}") = "JobPostings.Domain", "Services\JobPostings\src\JobPostings.Domain\JobPostings.Domain.csproj", "{9498DDB2-AD70-45F3-9F74-78AB1111A635}"
EndProject
Project("{FAE04EC0-301F-11D3-BF4B-00C04F79EFBC}") = "JobPostings.Infra", "Services\JobPostings\src\JobPostings.Infra\JobPostings.Infra.csproj", "{5581756F-6BC5-4259-AE19-1DF722BAC2EC}"
EndProject
Project("{FAE04EC0-301F-11D3-BF4B-00C04F79EFBC}") = "JobPostings.Application", "Services\JobPostings\src\JobPostings.Application\JobPostings.Application.csproj", "{01F49412-5449-43FA-91BA-6071DBB70B77}"
EndProject
Project("{2150E333-8FDC-42A3-9474-1A3956D46DE8}") = "Users", "Users", "{A1D6DF64-FD57-48EE-AEF3-63E777CC1692}"
EndProject
Project("{FAE04EC0-301F-11D3-BF4B-00C04F79EFBC}") = "Users.Api", "Services\Users\src\Users.Api\Users.Api.csproj", "{C642F11E-29D8-49DF-A3C8-2061905F0C50}"
EndProject
Project("{FAE04EC0-301F-11D3-BF4B-00C04F79EFBC}") = "Users.Domain", "Services\Users\src\Users.Domain\Users.Domain.csproj", "{92779682-198B-47C8-AED8-4EDDA9105B82}"
EndProject
Project("{FAE04EC0-301F-11D3-BF4B-00C04F79EFBC}") = "Users.Application", "Services\Users\src\Users.Application\Users.Application.csproj", "{CE6F8DD4-C3FC-45B8-94D5-E8893D707002}"
EndProject
Project("{FAE04EC0-301F-11D3-BF4B-00C04F79EFBC}") = "Users.Infra", "Services\Users\src\Users.Infra\Users.Infra.csproj", "{B9F82CBD-D94A-48C5-BE20-CBE2EA903AA3}"
EndProject
Project("{FAE04EC0-301F-11D3-BF4B-00C04F79EFBC}") = "JobPostings.CrossCutting", "Services\JobPostings\src\JobPostings.CrossCutting\JobPostings.CrossCutting.csproj", "{D533357B-8BF4-4220-A7FB-35606A1E83D2}"
EndProject
Project("{FAE04EC0-301F-11D3-BF4B-00C04F79EFBC}") = "Users.CrossCutting", "Services\Users\Users.CrossCutting\Users.CrossCutting.csproj", "{B2DDFEBA-4FAD-4E69-B956-7EC715AA26AF}"
EndProject
Project("{FAE04EC0-301F-11D3-BF4B-00C04F79EFBC}") = "JobPostings.Domain.Tests", "Services\JobPostings\tests\JobPostings.Domain.Tests\JobPostings.Domain.Tests.csproj", "{F22191EF-AEFC-4D5B-B7F5-17DD94C58373}"
EndProject
Global
	GlobalSection(SolutionConfigurationPlatforms) = preSolution
		Debug|Any CPU = Debug|Any CPU
		Release|Any CPU = Release|Any CPU
	EndGlobalSection
	GlobalSection(ProjectConfigurationPlatforms) = postSolution
		{AE7EB33C-B742-4836-8838-E17AC7ABAD92}.Debug|Any CPU.ActiveCfg = Debug|Any CPU
		{AE7EB33C-B742-4836-8838-E17AC7ABAD92}.Debug|Any CPU.Build.0 = Debug|Any CPU
		{AE7EB33C-B742-4836-8838-E17AC7ABAD92}.Release|Any CPU.ActiveCfg = Release|Any CPU
		{AE7EB33C-B742-4836-8838-E17AC7ABAD92}.Release|Any CPU.Build.0 = Release|Any CPU
		{45406896-E9C7-4107-AE86-D009781A9F4E}.Debug|Any CPU.ActiveCfg = Debug|Any CPU
		{45406896-E9C7-4107-AE86-D009781A9F4E}.Debug|Any CPU.Build.0 = Debug|Any CPU
		{45406896-E9C7-4107-AE86-D009781A9F4E}.Release|Any CPU.ActiveCfg = Release|Any CPU
		{45406896-E9C7-4107-AE86-D009781A9F4E}.Release|Any CPU.Build.0 = Release|Any CPU
		{9498DDB2-AD70-45F3-9F74-78AB1111A635}.Debug|Any CPU.ActiveCfg = Debug|Any CPU
		{9498DDB2-AD70-45F3-9F74-78AB1111A635}.Debug|Any CPU.Build.0 = Debug|Any CPU
		{9498DDB2-AD70-45F3-9F74-78AB1111A635}.Release|Any CPU.ActiveCfg = Release|Any CPU
		{9498DDB2-AD70-45F3-9F74-78AB1111A635}.Release|Any CPU.Build.0 = Release|Any CPU
		{5581756F-6BC5-4259-AE19-1DF722BAC2EC}.Debug|Any CPU.ActiveCfg = Debug|Any CPU
		{5581756F-6BC5-4259-AE19-1DF722BAC2EC}.Debug|Any CPU.Build.0 = Debug|Any CPU
		{5581756F-6BC5-4259-AE19-1DF722BAC2EC}.Release|Any CPU.ActiveCfg = Release|Any CPU
		{5581756F-6BC5-4259-AE19-1DF722BAC2EC}.Release|Any CPU.Build.0 = Release|Any CPU
		{01F49412-5449-43FA-91BA-6071DBB70B77}.Debug|Any CPU.ActiveCfg = Debug|Any CPU
		{01F49412-5449-43FA-91BA-6071DBB70B77}.Debug|Any CPU.Build.0 = Debug|Any CPU
		{01F49412-5449-43FA-91BA-6071DBB70B77}.Release|Any CPU.ActiveCfg = Release|Any CPU
		{01F49412-5449-43FA-91BA-6071DBB70B77}.Release|Any CPU.Build.0 = Release|Any CPU
		{C642F11E-29D8-49DF-A3C8-2061905F0C50}.Debug|Any CPU.ActiveCfg = Debug|Any CPU
		{C642F11E-29D8-49DF-A3C8-2061905F0C50}.Debug|Any CPU.Build.0 = Debug|Any CPU
		{C642F11E-29D8-49DF-A3C8-2061905F0C50}.Release|Any CPU.ActiveCfg = Release|Any CPU
		{C642F11E-29D8-49DF-A3C8-2061905F0C50}.Release|Any CPU.Build.0 = Release|Any CPU
		{92779682-198B-47C8-AED8-4EDDA9105B82}.Debug|Any CPU.ActiveCfg = Debug|Any CPU
		{92779682-198B-47C8-AED8-4EDDA9105B82}.Debug|Any CPU.Build.0 = Debug|Any CPU
		{92779682-198B-47C8-AED8-4EDDA9105B82}.Release|Any CPU.ActiveCfg = Release|Any CPU
		{92779682-198B-47C8-AED8-4EDDA9105B82}.Release|Any CPU.Build.0 = Release|Any CPU
		{CE6F8DD4-C3FC-45B8-94D5-E8893D707002}.Debug|Any CPU.ActiveCfg = Debug|Any CPU
		{CE6F8DD4-C3FC-45B8-94D5-E8893D707002}.Debug|Any CPU.Build.0 = Debug|Any CPU
		{CE6F8DD4-C3FC-45B8-94D5-E8893D707002}.Release|Any CPU.ActiveCfg = Release|Any CPU
		{CE6F8DD4-C3FC-45B8-94D5-E8893D707002}.Release|Any CPU.Build.0 = Release|Any CPU
		{B9F82CBD-D94A-48C5-BE20-CBE2EA903AA3}.Debug|Any CPU.ActiveCfg = Debug|Any CPU
		{B9F82CBD-D94A-48C5-BE20-CBE2EA903AA3}.Debug|Any CPU.Build.0 = Debug|Any CPU
		{B9F82CBD-D94A-48C5-BE20-CBE2EA903AA3}.Release|Any CPU.ActiveCfg = Release|Any CPU
		{B9F82CBD-D94A-48C5-BE20-CBE2EA903AA3}.Release|Any CPU.Build.0 = Release|Any CPU
		{D533357B-8BF4-4220-A7FB-35606A1E83D2}.Debug|Any CPU.ActiveCfg = Debug|Any CPU
		{D533357B-8BF4-4220-A7FB-35606A1E83D2}.Debug|Any CPU.Build.0 = Debug|Any CPU
		{D533357B-8BF4-4220-A7FB-35606A1E83D2}.Release|Any CPU.ActiveCfg = Release|Any CPU
		{D533357B-8BF4-4220-A7FB-35606A1E83D2}.Release|Any CPU.Build.0 = Release|Any CPU
		{B2DDFEBA-4FAD-4E69-B956-7EC715AA26AF}.Debug|Any CPU.ActiveCfg = Debug|Any CPU
		{B2DDFEBA-4FAD-4E69-B956-7EC715AA26AF}.Debug|Any CPU.Build.0 = Debug|Any CPU
		{B2DDFEBA-4FAD-4E69-B956-7EC715AA26AF}.Release|Any CPU.ActiveCfg = Release|Any CPU
		{B2DDFEBA-4FAD-4E69-B956-7EC715AA26AF}.Release|Any CPU.Build.0 = Release|Any CPU
		{F22191EF-AEFC-4D5B-B7F5-17DD94C58373}.Debug|Any CPU.ActiveCfg = Debug|Any CPU
		{F22191EF-AEFC-4D5B-B7F5-17DD94C58373}.Debug|Any CPU.Build.0 = Debug|Any CPU
		{F22191EF-AEFC-4D5B-B7F5-17DD94C58373}.Release|Any CPU.ActiveCfg = Release|Any CPU
		{F22191EF-AEFC-4D5B-B7F5-17DD94C58373}.Release|Any CPU.Build.0 = Release|Any CPU
	EndGlobalSection
	GlobalSection(NestedProjects) = preSolution
		{AE7EB33C-B742-4836-8838-E17AC7ABAD92} = {E0DA9450-4E0B-4491-8E24-214F97BB455E}
		{45406896-E9C7-4107-AE86-D009781A9F4E} = {1C2EB889-1ABD-4E8A-B903-8F9EBE40A8A8}
		{01F49412-5449-43FA-91BA-6071DBB70B77} = {1C2EB889-1ABD-4E8A-B903-8F9EBE40A8A8}
		{9498DDB2-AD70-45F3-9F74-78AB1111A635} = {1C2EB889-1ABD-4E8A-B903-8F9EBE40A8A8}
		{5581756F-6BC5-4259-AE19-1DF722BAC2EC} = {1C2EB889-1ABD-4E8A-B903-8F9EBE40A8A8}
		{C642F11E-29D8-49DF-A3C8-2061905F0C50} = {A1D6DF64-FD57-48EE-AEF3-63E777CC1692}
		{92779682-198B-47C8-AED8-4EDDA9105B82} = {A1D6DF64-FD57-48EE-AEF3-63E777CC1692}
		{CE6F8DD4-C3FC-45B8-94D5-E8893D707002} = {A1D6DF64-FD57-48EE-AEF3-63E777CC1692}
		{B9F82CBD-D94A-48C5-BE20-CBE2EA903AA3} = {A1D6DF64-FD57-48EE-AEF3-63E777CC1692}
		{D533357B-8BF4-4220-A7FB-35606A1E83D2} = {1C2EB889-1ABD-4E8A-B903-8F9EBE40A8A8}
		{B2DDFEBA-4FAD-4E69-B956-7EC715AA26AF} = {A1D6DF64-FD57-48EE-AEF3-63E777CC1692}
		{F22191EF-AEFC-4D5B-B7F5-17DD94C58373} = {1C2EB889-1ABD-4E8A-B903-8F9EBE40A8A8}
	EndGlobalSection
EndGlobal
