
Microsoft Visual Studio Solution File, Format Version 12.00
Project("{FAE04EC0-301F-11D3-BF4B-00C04F79EFBC}") = "Common", "SharedKernel\Common\Common.csproj", "{AE7EB33C-B742-4836-8838-E17AC7ABAD92}"
EndProject
Project("{2150E333-8FDC-42A3-9474-1A3956D46DE8}") = "SharedKernel", "SharedKernel", "{E0DA9450-4E0B-4491-8E24-214F97BB455E}"
EndProject
Project("{2150E333-8FDC-42A3-9474-1A3956D46DE8}") = "JobPostings", "JobPostings", "{1C2EB889-1ABD-4E8A-B903-8F9EBE40A8A8}"
EndProject
Project("{FAE04EC0-301F-11D3-BF4B-00C04F79EFBC}") = "JobPostings.Api", "Services\JobPostings\JobPostings.Api\JobPostings.Api.csproj", "{45406896-E9C7-4107-AE86-D009781A9F4E}"
EndProject
Project("{2150E333-8FDC-42A3-9474-1A3956D46DE8}") = "Webhooks", "Webhooks", "{6C270C22-E637-4B86-991C-6A1734D63D03}"
EndProject
Project("{FAE04EC0-301F-11D3-BF4B-00C04F79EFBC}") = "Webhooks", "Services\Webhooks\Webhooks\Webhooks.csproj", "{69AA737C-294B-45E0-83CC-37EF98C6CB5D}"
EndProject
Project("{FAE04EC0-301F-11D3-BF4B-00C04F79EFBC}") = "JobPostings.Domain", "Services\JobPostings\JobPostings.Domain\JobPostings.Domain.csproj", "{9498DDB2-AD70-45F3-9F74-78AB1111A635}"
EndProject
Project("{FAE04EC0-301F-11D3-BF4B-00C04F79EFBC}") = "JobPostings.Domain.Tests", "Services\JobPostings\JobPostings.Domain.Tests\JobPostings.Domain.Tests.csproj", "{E7A06421-0445-4D7D-A3CD-B61518BFE004}"
EndProject
Project("{2150E333-8FDC-42A3-9474-1A3956D46DE8}") = "Domain", "Domain", "{320531B8-CA98-47A0-9E91-E6BB1B7A8C82}"
EndProject
Project("{2150E333-8FDC-42A3-9474-1A3956D46DE8}") = "Api", "Api", "{C7D16BCE-F4CF-42EB-9DF5-0F2C68AA5C92}"
EndProject
Project("{FAE04EC0-301F-11D3-BF4B-00C04F79EFBC}") = "JobPostings.Infra", "Services\JobPostings\JobPostings.Infra\JobPostings.Infra.csproj", "{5581756F-6BC5-4259-AE19-1DF722BAC2EC}"
EndProject
Project("{2150E333-8FDC-42A3-9474-1A3956D46DE8}") = "Infra", "Infra", "{E4E281B7-2884-4EA3-8093-23671D17DA3D}"
EndProject
Project("{FAE04EC0-301F-11D3-BF4B-00C04F79EFBC}") = "JobPostings.Infra.Tests", "Services\JobPostings\JobPostings.Infra.Tests\JobPostings.Infra.Tests.csproj", "{E50A80F8-55AF-494B-9F6D-70A5DD9A1928}"
EndProject
Project("{FAE04EC0-301F-11D3-BF4B-00C04F79EFBC}") = "JobPostings.Api.Tests", "Services\JobPostings\JobPostings.Api.Tests\JobPostings.Api.Tests.csproj", "{6916AD55-2D0E-4742-B8BB-999A038DA9A0}"
EndProject
Project("{2150E333-8FDC-42A3-9474-1A3956D46DE8}") = "Application", "Application", "{7C68FCB5-9602-4A60-8BEB-F1F9A92B91FC}"
EndProject
Project("{FAE04EC0-301F-11D3-BF4B-00C04F79EFBC}") = "JobPostings.Application", "Services\JobPostings\JobPostings.Application\JobPostings.Application.csproj", "{01F49412-5449-43FA-91BA-6071DBB70B77}"
EndProject
Project("{FAE04EC0-301F-11D3-BF4B-00C04F79EFBC}") = "JobPostings.Application.Tests", "Services\JobPostings\JobPostings.Application.Tests\JobPostings.Application.Tests.csproj", "{7CB08E6C-296A-4BCB-B6E8-8DDB08EB31D7}"
EndProject
Global
	GlobalSection(SolutionConfigurationPlatforms) = preSolution
		Debug|Any CPU = Debug|Any CPU
		Release|Any CPU = Release|Any CPU
	EndGlobalSection
	GlobalSection(ProjectConfigurationPlatforms) = postSolution
		{AE7EB33C-B742-4836-8838-E17AC7ABAD92}.Debug|Any CPU.ActiveCfg = Debug|Any CPU
		{AE7EB33C-B742-4836-8838-E17AC7ABAD92}.Debug|Any CPU.Build.0 = Debug|Any CPU
		{AE7EB33C-B742-4836-8838-E17AC7ABAD92}.Release|Any CPU.ActiveCfg = Release|Any CPU
		{AE7EB33C-B742-4836-8838-E17AC7ABAD92}.Release|Any CPU.Build.0 = Release|Any CPU
		{45406896-E9C7-4107-AE86-D009781A9F4E}.Debug|Any CPU.ActiveCfg = Debug|Any CPU
		{45406896-E9C7-4107-AE86-D009781A9F4E}.Debug|Any CPU.Build.0 = Debug|Any CPU
		{45406896-E9C7-4107-AE86-D009781A9F4E}.Release|Any CPU.ActiveCfg = Release|Any CPU
		{45406896-E9C7-4107-AE86-D009781A9F4E}.Release|Any CPU.Build.0 = Release|Any CPU
		{69AA737C-294B-45E0-83CC-37EF98C6CB5D}.Debug|Any CPU.ActiveCfg = Debug|Any CPU
		{69AA737C-294B-45E0-83CC-37EF98C6CB5D}.Debug|Any CPU.Build.0 = Debug|Any CPU
		{69AA737C-294B-45E0-83CC-37EF98C6CB5D}.Release|Any CPU.ActiveCfg = Release|Any CPU
		{69AA737C-294B-45E0-83CC-37EF98C6CB5D}.Release|Any CPU.Build.0 = Release|Any CPU
		{9498DDB2-AD70-45F3-9F74-78AB1111A635}.Debug|Any CPU.ActiveCfg = Debug|Any CPU
		{9498DDB2-AD70-45F3-9F74-78AB1111A635}.Debug|Any CPU.Build.0 = Debug|Any CPU
		{9498DDB2-AD70-45F3-9F74-78AB1111A635}.Release|Any CPU.ActiveCfg = Release|Any CPU
		{9498DDB2-AD70-45F3-9F74-78AB1111A635}.Release|Any CPU.Build.0 = Release|Any CPU
		{E7A06421-0445-4D7D-A3CD-B61518BFE004}.Debug|Any CPU.ActiveCfg = Debug|Any CPU
		{E7A06421-0445-4D7D-A3CD-B61518BFE004}.Debug|Any CPU.Build.0 = Debug|Any CPU
		{E7A06421-0445-4D7D-A3CD-B61518BFE004}.Release|Any CPU.ActiveCfg = Release|Any CPU
		{E7A06421-0445-4D7D-A3CD-B61518BFE004}.Release|Any CPU.Build.0 = Release|Any CPU
		{5581756F-6BC5-4259-AE19-1DF722BAC2EC}.Debug|Any CPU.ActiveCfg = Debug|Any CPU
		{5581756F-6BC5-4259-AE19-1DF722BAC2EC}.Debug|Any CPU.Build.0 = Debug|Any CPU
		{5581756F-6BC5-4259-AE19-1DF722BAC2EC}.Release|Any CPU.ActiveCfg = Release|Any CPU
		{5581756F-6BC5-4259-AE19-1DF722BAC2EC}.Release|Any CPU.Build.0 = Release|Any CPU
		{E50A80F8-55AF-494B-9F6D-70A5DD9A1928}.Debug|Any CPU.ActiveCfg = Debug|Any CPU
		{E50A80F8-55AF-494B-9F6D-70A5DD9A1928}.Debug|Any CPU.Build.0 = Debug|Any CPU
		{E50A80F8-55AF-494B-9F6D-70A5DD9A1928}.Release|Any CPU.ActiveCfg = Release|Any CPU
		{E50A80F8-55AF-494B-9F6D-70A5DD9A1928}.Release|Any CPU.Build.0 = Release|Any CPU
		{6916AD55-2D0E-4742-B8BB-999A038DA9A0}.Debug|Any CPU.ActiveCfg = Debug|Any CPU
		{6916AD55-2D0E-4742-B8BB-999A038DA9A0}.Debug|Any CPU.Build.0 = Debug|Any CPU
		{6916AD55-2D0E-4742-B8BB-999A038DA9A0}.Release|Any CPU.ActiveCfg = Release|Any CPU
		{6916AD55-2D0E-4742-B8BB-999A038DA9A0}.Release|Any CPU.Build.0 = Release|Any CPU
		{01F49412-5449-43FA-91BA-6071DBB70B77}.Debug|Any CPU.ActiveCfg = Debug|Any CPU
		{01F49412-5449-43FA-91BA-6071DBB70B77}.Debug|Any CPU.Build.0 = Debug|Any CPU
		{01F49412-5449-43FA-91BA-6071DBB70B77}.Release|Any CPU.ActiveCfg = Release|Any CPU
		{01F49412-5449-43FA-91BA-6071DBB70B77}.Release|Any CPU.Build.0 = Release|Any CPU
		{7CB08E6C-296A-4BCB-B6E8-8DDB08EB31D7}.Debug|Any CPU.ActiveCfg = Debug|Any CPU
		{7CB08E6C-296A-4BCB-B6E8-8DDB08EB31D7}.Debug|Any CPU.Build.0 = Debug|Any CPU
		{7CB08E6C-296A-4BCB-B6E8-8DDB08EB31D7}.Release|Any CPU.ActiveCfg = Release|Any CPU
		{7CB08E6C-296A-4BCB-B6E8-8DDB08EB31D7}.Release|Any CPU.Build.0 = Release|Any CPU
	EndGlobalSection
	GlobalSection(NestedProjects) = preSolution
		{AE7EB33C-B742-4836-8838-E17AC7ABAD92} = {E0DA9450-4E0B-4491-8E24-214F97BB455E}
		{69AA737C-294B-45E0-83CC-37EF98C6CB5D} = {6C270C22-E637-4B86-991C-6A1734D63D03}
		{320531B8-CA98-47A0-9E91-E6BB1B7A8C82} = {1C2EB889-1ABD-4E8A-B903-8F9EBE40A8A8}
		{9498DDB2-AD70-45F3-9F74-78AB1111A635} = {320531B8-CA98-47A0-9E91-E6BB1B7A8C82}
		{E7A06421-0445-4D7D-A3CD-B61518BFE004} = {320531B8-CA98-47A0-9E91-E6BB1B7A8C82}
		{C7D16BCE-F4CF-42EB-9DF5-0F2C68AA5C92} = {1C2EB889-1ABD-4E8A-B903-8F9EBE40A8A8}
		{45406896-E9C7-4107-AE86-D009781A9F4E} = {C7D16BCE-F4CF-42EB-9DF5-0F2C68AA5C92}
		{E4E281B7-2884-4EA3-8093-23671D17DA3D} = {1C2EB889-1ABD-4E8A-B903-8F9EBE40A8A8}
		{5581756F-6BC5-4259-AE19-1DF722BAC2EC} = {E4E281B7-2884-4EA3-8093-23671D17DA3D}
		{E50A80F8-55AF-494B-9F6D-70A5DD9A1928} = {E4E281B7-2884-4EA3-8093-23671D17DA3D}
		{6916AD55-2D0E-4742-B8BB-999A038DA9A0} = {C7D16BCE-F4CF-42EB-9DF5-0F2C68AA5C92}
		{7C68FCB5-9602-4A60-8BEB-F1F9A92B91FC} = {1C2EB889-1ABD-4E8A-B903-8F9EBE40A8A8}
		{01F49412-5449-43FA-91BA-6071DBB70B77} = {7C68FCB5-9602-4A60-8BEB-F1F9A92B91FC}
		{7CB08E6C-296A-4BCB-B6E8-8DDB08EB31D7} = {7C68FCB5-9602-4A60-8BEB-F1F9A92B91FC}
	EndGlobalSection
EndGlobal
